// !$*UTF8*$!
{
	archiveVersion = 1;
	classes = {
	};
	objectVersion = 51;
	objects = {

/* Begin PBXBuildFile section */
		2D2FDA7625BF5AFB00970DE3 /* ProfileViewController.swift in Sources */ = {isa = PBXBuildFile; fileRef = 2D2FDA7525BF5AFB00970DE3 /* ProfileViewController.swift */; };
		2D2FDA7925BF5B0600970DE3 /* ProfileViewController.storyboard in Resources */ = {isa = PBXBuildFile; fileRef = 2D2FDA7825BF5B0600970DE3 /* ProfileViewController.storyboard */; };
		2D2FDA7C25BF5B8600970DE3 /* ProfileVCBuilder.swift in Sources */ = {isa = PBXBuildFile; fileRef = 2D2FDA7B25BF5B8600970DE3 /* ProfileVCBuilder.swift */; };
		2D2FDA7F25BF5CE400970DE3 /* ProfilePresenter.swift in Sources */ = {isa = PBXBuildFile; fileRef = 2D2FDA7E25BF5CE400970DE3 /* ProfilePresenter.swift */; };
		2D2FDA8225BF5D4100970DE3 /* ProfileVCProtocol.swift in Sources */ = {isa = PBXBuildFile; fileRef = 2D2FDA8125BF5D4100970DE3 /* ProfileVCProtocol.swift */; };
		2D2FDA8925BF609A00970DE3 /* ProfileVCSettings.swift in Sources */ = {isa = PBXBuildFile; fileRef = 2D2FDA8825BF609A00970DE3 /* ProfileVCSettings.swift */; };
		2D2FDA8F25BF62FF00970DE3 /* ProfileRepository.swift in Sources */ = {isa = PBXBuildFile; fileRef = 2D2FDA8E25BF62FF00970DE3 /* ProfileRepository.swift */; };
		2D2FDA9225BF631F00970DE3 /* ProfileRouter.swift in Sources */ = {isa = PBXBuildFile; fileRef = 2D2FDA9125BF631F00970DE3 /* ProfileRouter.swift */; };
		2D2FDA9E25BF67D700970DE3 /* ProfileNetworkEntity.swift in Sources */ = {isa = PBXBuildFile; fileRef = 2D2FDA9D25BF67D700970DE3 /* ProfileNetworkEntity.swift */; };
		2D2FDAA225BF681000970DE3 /* ProfileLocalEntity.swift in Sources */ = {isa = PBXBuildFile; fileRef = 2D2FDAA125BF681000970DE3 /* ProfileLocalEntity.swift */; };
		2D2FDAAA25BF68C700970DE3 /* ViewsForCurrentScreen.swift in Sources */ = {isa = PBXBuildFile; fileRef = 2D2FDAA925BF68C700970DE3 /* ViewsForCurrentScreen.swift */; };
		2D2FDAAF25BF6A0E00970DE3 /* ProfileRequests.swift in Sources */ = {isa = PBXBuildFile; fileRef = 2D2FDA9725BF674F00970DE3 /* ProfileRequests.swift */; };
		2D2FDAB125BF6A3800970DE3 /* ApiStructs.swift in Sources */ = {isa = PBXBuildFile; fileRef = 2D414B8C25BF509300E17748 /* ApiStructs.swift */; };
		2D2FDAB225BF6A3800970DE3 /* ApiSettings.swift in Sources */ = {isa = PBXBuildFile; fileRef = 2D414B8B25BF509300E17748 /* ApiSettings.swift */; };
		2D2FDAB325BF6A3800970DE3 /* HttpService.swift in Sources */ = {isa = PBXBuildFile; fileRef = 2D414B8A25BF509300E17748 /* HttpService.swift */; };
		2D2FDAB525BF6A3800970DE3 /* RestClient.swift in Sources */ = {isa = PBXBuildFile; fileRef = 2D414B8D25BF509300E17748 /* RestClient.swift */; };
		2D2FDAB725BF6A4400970DE3 /* LocationRequests.swift in Sources */ = {isa = PBXBuildFile; fileRef = 2D414B9125BF50AA00E17748 /* LocationRequests.swift */; };
		2D2FDAC125BF6A5700970DE3 /* EncodableExtension.swift in Sources */ = {isa = PBXBuildFile; fileRef = 2D414BB325BF574300E17748 /* EncodableExtension.swift */; };
		2D2FDAC225BF6A5700970DE3 /* ColorExtension.swift in Sources */ = {isa = PBXBuildFile; fileRef = 2D414BB025BF574300E17748 /* ColorExtension.swift */; };
		2D2FDAC325BF6A5700970DE3 /* DateExtension.swift in Sources */ = {isa = PBXBuildFile; fileRef = 2D414BB125BF574300E17748 /* DateExtension.swift */; };
		2D2FDAC425BF6A5700970DE3 /* ImageExtension.swift in Sources */ = {isa = PBXBuildFile; fileRef = 2D414BB525BF574300E17748 /* ImageExtension.swift */; };
		2D2FDAC525BF6A5700970DE3 /* TimeIntervalExtension.swift in Sources */ = {isa = PBXBuildFile; fileRef = 2D414BB225BF574300E17748 /* TimeIntervalExtension.swift */; };
		2D2FDAC625BF6A5700970DE3 /* UIViewControllerExtension.swift in Sources */ = {isa = PBXBuildFile; fileRef = 2D2FDA8525BF5F4200970DE3 /* UIViewControllerExtension.swift */; };
		2D2FDAC725BF6A5700970DE3 /* BaseExtension.swift in Sources */ = {isa = PBXBuildFile; fileRef = 2D414BB425BF574300E17748 /* BaseExtension.swift */; };
		2D2FDAC825BF6A5700970DE3 /* ExtensionForLoadingView.swift in Sources */ = {isa = PBXBuildFile; fileRef = 2D414BB625BF578800E17748 /* ExtensionForLoadingView.swift */; };
		2D2FDACA25BF6A5A00970DE3 /* DateFormat.swift in Sources */ = {isa = PBXBuildFile; fileRef = 2D414BB925BF57BF00E17748 /* DateFormat.swift */; };
		2D414B9F25BF553200E17748 /* FilesForEntitiesThatAreNotOneScreenOnly.swift in Sources */ = {isa = PBXBuildFile; fileRef = 2D414B9E25BF553200E17748 /* FilesForEntitiesThatAreNotOneScreenOnly.swift */; };
		2D414BA325BF554C00E17748 /* ViewsThatAreNotOneScreenOnly.swift.swift in Sources */ = {isa = PBXBuildFile; fileRef = 2D414BA225BF554C00E17748 /* ViewsThatAreNotOneScreenOnly.swift.swift */; };
		2D414BA625BF557800E17748 /* StorageKeys.swift in Sources */ = {isa = PBXBuildFile; fileRef = 2D414BA525BF557800E17748 /* StorageKeys.swift */; };
		2D414BAB25BF55D300E17748 /* ProfileStorage.swift in Sources */ = {isa = PBXBuildFile; fileRef = 2D414BAA25BF55D300E17748 /* ProfileStorage.swift */; };
		2D6B500725BF4CBB00533573 /* AppDelegate.swift in Sources */ = {isa = PBXBuildFile; fileRef = 2D6B500625BF4CBB00533573 /* AppDelegate.swift */; };
		2D6B500925BF4CBB00533573 /* SceneDelegate.swift in Sources */ = {isa = PBXBuildFile; fileRef = 2D6B500825BF4CBB00533573 /* SceneDelegate.swift */; };
		2D6B500B25BF4CBB00533573 /* HomeViewController.swift in Sources */ = {isa = PBXBuildFile; fileRef = 2D6B500A25BF4CBB00533573 /* HomeViewController.swift */; };
		2D6B500E25BF4CBB00533573 /* HomeViewController.storyboard in Resources */ = {isa = PBXBuildFile; fileRef = 2D6B500C25BF4CBB00533573 /* HomeViewController.storyboard */; };
		2D6B501025BF4CBD00533573 /* Assets.xcassets in Resources */ = {isa = PBXBuildFile; fileRef = 2D6B500F25BF4CBD00533573 /* Assets.xcassets */; };
		2D6B501325BF4CBD00533573 /* LaunchScreen.storyboard in Resources */ = {isa = PBXBuildFile; fileRef = 2D6B501125BF4CBD00533573 /* LaunchScreen.storyboard */; };
		2D9CA6A825BF78D2005097AF /* Comments in Resources */ = {isa = PBXBuildFile; fileRef = 2D9CA6A725BF78D2005097AF /* Comments */; };
		56EFAE6E5DDA2ED95ED5124B /* Pods_Pattern.framework in Frameworks */ = {isa = PBXBuildFile; fileRef = 3129F855523CB11311995213 /* Pods_Pattern.framework */; };
/* End PBXBuildFile section */

/* Begin PBXFileReference section */
		0DBDA02ECA924092E68BA30A /* Pods-Pattern.release.xcconfig */ = {isa = PBXFileReference; includeInIndex = 1; lastKnownFileType = text.xcconfig; name = "Pods-Pattern.release.xcconfig"; path = "Target Support Files/Pods-Pattern/Pods-Pattern.release.xcconfig"; sourceTree = "<group>"; };
		2D2FDA7525BF5AFB00970DE3 /* ProfileViewController.swift */ = {isa = PBXFileReference; lastKnownFileType = sourcecode.swift; path = ProfileViewController.swift; sourceTree = "<group>"; };
		2D2FDA7825BF5B0600970DE3 /* ProfileViewController.storyboard */ = {isa = PBXFileReference; lastKnownFileType = file.storyboard; path = ProfileViewController.storyboard; sourceTree = "<group>"; };
		2D2FDA7B25BF5B8600970DE3 /* ProfileVCBuilder.swift */ = {isa = PBXFileReference; lastKnownFileType = sourcecode.swift; path = ProfileVCBuilder.swift; sourceTree = "<group>"; };
		2D2FDA7E25BF5CE400970DE3 /* ProfilePresenter.swift */ = {isa = PBXFileReference; lastKnownFileType = sourcecode.swift; path = ProfilePresenter.swift; sourceTree = "<group>"; };
		2D2FDA8125BF5D4100970DE3 /* ProfileVCProtocol.swift */ = {isa = PBXFileReference; lastKnownFileType = sourcecode.swift; path = ProfileVCProtocol.swift; sourceTree = "<group>"; };
		2D2FDA8525BF5F4200970DE3 /* UIViewControllerExtension.swift */ = {isa = PBXFileReference; lastKnownFileType = sourcecode.swift; path = UIViewControllerExtension.swift; sourceTree = "<group>"; };
		2D2FDA8825BF609A00970DE3 /* ProfileVCSettings.swift */ = {isa = PBXFileReference; lastKnownFileType = sourcecode.swift; path = ProfileVCSettings.swift; sourceTree = "<group>"; };
		2D2FDA8E25BF62FF00970DE3 /* ProfileRepository.swift */ = {isa = PBXFileReference; lastKnownFileType = sourcecode.swift; path = ProfileRepository.swift; sourceTree = "<group>"; };
		2D2FDA9125BF631F00970DE3 /* ProfileRouter.swift */ = {isa = PBXFileReference; lastKnownFileType = sourcecode.swift; path = ProfileRouter.swift; sourceTree = "<group>"; };
		2D2FDA9725BF674F00970DE3 /* ProfileRequests.swift */ = {isa = PBXFileReference; lastKnownFileType = sourcecode.swift; path = ProfileRequests.swift; sourceTree = "<group>"; };
		2D2FDA9D25BF67D700970DE3 /* ProfileNetworkEntity.swift */ = {isa = PBXFileReference; lastKnownFileType = sourcecode.swift; path = ProfileNetworkEntity.swift; sourceTree = "<group>"; };
		2D2FDAA125BF681000970DE3 /* ProfileLocalEntity.swift */ = {isa = PBXFileReference; lastKnownFileType = sourcecode.swift; path = ProfileLocalEntity.swift; sourceTree = "<group>"; };
		2D2FDAA925BF68C700970DE3 /* ViewsForCurrentScreen.swift */ = {isa = PBXFileReference; lastKnownFileType = sourcecode.swift; path = ViewsForCurrentScreen.swift; sourceTree = "<group>"; };
		2D414B8A25BF509300E17748 /* HttpService.swift */ = {isa = PBXFileReference; lastKnownFileType = sourcecode.swift; path = HttpService.swift; sourceTree = "<group>"; };
		2D414B8B25BF509300E17748 /* ApiSettings.swift */ = {isa = PBXFileReference; lastKnownFileType = sourcecode.swift; path = ApiSettings.swift; sourceTree = "<group>"; };
		2D414B8C25BF509300E17748 /* ApiStructs.swift */ = {isa = PBXFileReference; lastKnownFileType = sourcecode.swift; path = ApiStructs.swift; sourceTree = "<group>"; };
		2D414B8D25BF509300E17748 /* RestClient.swift */ = {isa = PBXFileReference; lastKnownFileType = sourcecode.swift; path = RestClient.swift; sourceTree = "<group>"; };
		2D414B9125BF50AA00E17748 /* LocationRequests.swift */ = {isa = PBXFileReference; lastKnownFileType = sourcecode.swift; path = LocationRequests.swift; sourceTree = "<group>"; };
		2D414B9E25BF553200E17748 /* FilesForEntitiesThatAreNotOneScreenOnly.swift */ = {isa = PBXFileReference; lastKnownFileType = sourcecode.swift; path = FilesForEntitiesThatAreNotOneScreenOnly.swift; sourceTree = "<group>"; };
		2D414BA225BF554C00E17748 /* ViewsThatAreNotOneScreenOnly.swift.swift */ = {isa = PBXFileReference; lastKnownFileType = sourcecode.swift; path = ViewsThatAreNotOneScreenOnly.swift.swift; sourceTree = "<group>"; };
		2D414BA525BF557800E17748 /* StorageKeys.swift */ = {isa = PBXFileReference; lastKnownFileType = sourcecode.swift; path = StorageKeys.swift; sourceTree = "<group>"; };
		2D414BAA25BF55D300E17748 /* ProfileStorage.swift */ = {isa = PBXFileReference; lastKnownFileType = sourcecode.swift; path = ProfileStorage.swift; sourceTree = "<group>"; };
		2D414BB025BF574300E17748 /* ColorExtension.swift */ = {isa = PBXFileReference; lastKnownFileType = sourcecode.swift; path = ColorExtension.swift; sourceTree = "<group>"; };
		2D414BB125BF574300E17748 /* DateExtension.swift */ = {isa = PBXFileReference; lastKnownFileType = sourcecode.swift; path = DateExtension.swift; sourceTree = "<group>"; };
		2D414BB225BF574300E17748 /* TimeIntervalExtension.swift */ = {isa = PBXFileReference; lastKnownFileType = sourcecode.swift; path = TimeIntervalExtension.swift; sourceTree = "<group>"; };
		2D414BB325BF574300E17748 /* EncodableExtension.swift */ = {isa = PBXFileReference; lastKnownFileType = sourcecode.swift; path = EncodableExtension.swift; sourceTree = "<group>"; };
		2D414BB425BF574300E17748 /* BaseExtension.swift */ = {isa = PBXFileReference; lastKnownFileType = sourcecode.swift; path = BaseExtension.swift; sourceTree = "<group>"; };
		2D414BB525BF574300E17748 /* ImageExtension.swift */ = {isa = PBXFileReference; lastKnownFileType = sourcecode.swift; path = ImageExtension.swift; sourceTree = "<group>"; };
		2D414BB625BF578800E17748 /* ExtensionForLoadingView.swift */ = {isa = PBXFileReference; lastKnownFileType = sourcecode.swift; path = ExtensionForLoadingView.swift; sourceTree = "<group>"; };
		2D414BB925BF57BF00E17748 /* DateFormat.swift */ = {isa = PBXFileReference; lastKnownFileType = sourcecode.swift; path = DateFormat.swift; sourceTree = "<group>"; };
		2D6B500325BF4CBB00533573 /* Pattern.app */ = {isa = PBXFileReference; explicitFileType = wrapper.application; includeInIndex = 0; path = Pattern.app; sourceTree = BUILT_PRODUCTS_DIR; };
		2D6B500625BF4CBB00533573 /* AppDelegate.swift */ = {isa = PBXFileReference; lastKnownFileType = sourcecode.swift; path = AppDelegate.swift; sourceTree = "<group>"; };
		2D6B500825BF4CBB00533573 /* SceneDelegate.swift */ = {isa = PBXFileReference; lastKnownFileType = sourcecode.swift; path = SceneDelegate.swift; sourceTree = "<group>"; };
		2D6B500A25BF4CBB00533573 /* HomeViewController.swift */ = {isa = PBXFileReference; lastKnownFileType = sourcecode.swift; path = HomeViewController.swift; sourceTree = "<group>"; };
		2D6B500D25BF4CBB00533573 /* Base */ = {isa = PBXFileReference; lastKnownFileType = file.storyboard; name = Base; path = Base.lproj/HomeViewController.storyboard; sourceTree = "<group>"; };
		2D6B500F25BF4CBD00533573 /* Assets.xcassets */ = {isa = PBXFileReference; lastKnownFileType = folder.assetcatalog; path = Assets.xcassets; sourceTree = "<group>"; };
		2D6B501225BF4CBD00533573 /* Base */ = {isa = PBXFileReference; lastKnownFileType = file.storyboard; name = Base; path = Base.lproj/LaunchScreen.storyboard; sourceTree = "<group>"; };
		2D6B501425BF4CBD00533573 /* Info.plist */ = {isa = PBXFileReference; lastKnownFileType = text.plist.xml; path = Info.plist; sourceTree = "<group>"; };
		2D9CA6A725BF78D2005097AF /* Comments */ = {isa = PBXFileReference; lastKnownFileType = text; path = Comments; sourceTree = "<group>"; };
		3129F855523CB11311995213 /* Pods_Pattern.framework */ = {isa = PBXFileReference; explicitFileType = wrapper.framework; includeInIndex = 0; path = Pods_Pattern.framework; sourceTree = BUILT_PRODUCTS_DIR; };
		5F33451D6DFE762516A0EA32 /* Pods-Pattern.debug.xcconfig */ = {isa = PBXFileReference; includeInIndex = 1; lastKnownFileType = text.xcconfig; name = "Pods-Pattern.debug.xcconfig"; path = "Target Support Files/Pods-Pattern/Pods-Pattern.debug.xcconfig"; sourceTree = "<group>"; };
/* End PBXFileReference section */

/* Begin PBXFrameworksBuildPhase section */
		2D6B500025BF4CBB00533573 /* Frameworks */ = {
			isa = PBXFrameworksBuildPhase;
			buildActionMask = 2147483647;
			files = (
				56EFAE6E5DDA2ED95ED5124B /* Pods_Pattern.framework in Frameworks */,
			);
			runOnlyForDeploymentPostprocessing = 0;
		};
/* End PBXFrameworksBuildPhase section */

/* Begin PBXGroup section */
		2D2FDA9525BF672500970DE3 /* Entities */ = {
			isa = PBXGroup;
			children = (
				2D2FDA9C25BF679C00970DE3 /* Network */,
				2D2FDA9B25BF678D00970DE3 /* Local */,
			);
			path = Entities;
			sourceTree = "<group>";
		};
		2D2FDA9625BF672D00970DE3 /* Data */ = {
			isa = PBXGroup;
			children = (
				2D2FDA9525BF672500970DE3 /* Entities */,
				2D2FDA9725BF674F00970DE3 /* ProfileRequests.swift */,
				2D2FDA8E25BF62FF00970DE3 /* ProfileRepository.swift */,
			);
			path = Data;
			sourceTree = "<group>";
		};
		2D2FDA9B25BF678D00970DE3 /* Local */ = {
			isa = PBXGroup;
			children = (
				2D2FDAA125BF681000970DE3 /* ProfileLocalEntity.swift */,
			);
			path = Local;
			sourceTree = "<group>";
		};
		2D2FDA9C25BF679C00970DE3 /* Network */ = {
			isa = PBXGroup;
			children = (
				2D2FDA9D25BF67D700970DE3 /* ProfileNetworkEntity.swift */,
			);
			path = Network;
			sourceTree = "<group>";
		};
		2D2FDAA425BF686700970DE3 /* Builder */ = {
			isa = PBXGroup;
			children = (
				2D2FDA7B25BF5B8600970DE3 /* ProfileVCBuilder.swift */,
			);
			path = Builder;
			sourceTree = "<group>";
		};
		2D2FDAA525BF687500970DE3 /* Navigation */ = {
			isa = PBXGroup;
			children = (
				2D2FDA9125BF631F00970DE3 /* ProfileRouter.swift */,
			);
			path = Navigation;
			sourceTree = "<group>";
		};
		2D2FDAA625BF688F00970DE3 /* UI */ = {
			isa = PBXGroup;
			children = (
				2D2FDAA725BF689B00970DE3 /* Views */,
				2D2FDA8125BF5D4100970DE3 /* ProfileVCProtocol.swift */,
				2D2FDA8825BF609A00970DE3 /* ProfileVCSettings.swift */,
				2D2FDA7525BF5AFB00970DE3 /* ProfileViewController.swift */,
				2D2FDA7825BF5B0600970DE3 /* ProfileViewController.storyboard */,
			);
			path = UI;
			sourceTree = "<group>";
		};
		2D2FDAA725BF689B00970DE3 /* Views */ = {
			isa = PBXGroup;
			children = (
				2D2FDAA925BF68C700970DE3 /* ViewsForCurrentScreen.swift */,
			);
			path = Views;
			sourceTree = "<group>";
		};
		2D2FDAAC25BF690200970DE3 /* Logic */ = {
			isa = PBXGroup;
			children = (
				2D2FDA7E25BF5CE400970DE3 /* ProfilePresenter.swift */,
			);
			path = Logic;
			sourceTree = "<group>";
		};
		2D414B7B25BF4DFE00E17748 /* AppDelegate */ = {
			isa = PBXGroup;
			children = (
				2D6B500625BF4CBB00533573 /* AppDelegate.swift */,
				2D6B500825BF4CBB00533573 /* SceneDelegate.swift */,
			);
			path = AppDelegate;
			sourceTree = "<group>";
		};
		2D414B7D25BF4E1D00E17748 /* Support */ = {
			isa = PBXGroup;
			children = (
				2D6B501125BF4CBD00533573 /* LaunchScreen.storyboard */,
				2D6B501425BF4CBD00533573 /* Info.plist */,
				2D9CA6A725BF78D2005097AF /* Comments */,
			);
			path = Support;
			sourceTree = "<group>";
		};
		2D414B7E25BF4E3B00E17748 /* Resources */ = {
			isa = PBXGroup;
			children = (
				2D6B500F25BF4CBD00533573 /* Assets.xcassets */,
			);
			path = Resources;
			sourceTree = "<group>";
		};
		2D414B7F25BF4E5500E17748 /* Screens */ = {
			isa = PBXGroup;
			children = (
				2D414BBB25BF58AB00E17748 /* Home */,
				2D414BBC25BF58DF00E17748 /* Profile */,
			);
			path = Screens;
			sourceTree = "<group>";
		};
		2D414B8825BF507A00E17748 /* Service */ = {
			isa = PBXGroup;
			children = (
				2D414B8925BF508A00E17748 /* Base */,
				2D414B9025BF50A200E17748 /* Requests */,
			);
			path = Service;
			sourceTree = "<group>";
		};
		2D414B8925BF508A00E17748 /* Base */ = {
			isa = PBXGroup;
			children = (
				2D414B8B25BF509300E17748 /* ApiSettings.swift */,
				2D414B8C25BF509300E17748 /* ApiStructs.swift */,
				2D414B8A25BF509300E17748 /* HttpService.swift */,
				2D414B8D25BF509300E17748 /* RestClient.swift */,
			);
			path = Base;
			sourceTree = "<group>";
		};
		2D414B9025BF50A200E17748 /* Requests */ = {
			isa = PBXGroup;
			children = (
				2D414B9825BF532B00E17748 /* Location */,
			);
			path = Requests;
			sourceTree = "<group>";
		};
		2D414B9825BF532B00E17748 /* Location */ = {
			isa = PBXGroup;
			children = (
				2D414B9125BF50AA00E17748 /* LocationRequests.swift */,
			);
			path = Location;
			sourceTree = "<group>";
		};
		2D414B9A25BF547200E17748 /* Entities */ = {
			isa = PBXGroup;
			children = (
				2D414B9E25BF553200E17748 /* FilesForEntitiesThatAreNotOneScreenOnly.swift */,
			);
			path = Entities;
			sourceTree = "<group>";
		};
		2D414B9B25BF548B00E17748 /* Views */ = {
			isa = PBXGroup;
			children = (
				2D414BA225BF554C00E17748 /* ViewsThatAreNotOneScreenOnly.swift.swift */,
			);
			path = Views;
			sourceTree = "<group>";
		};
		2D414B9C25BF549400E17748 /* Managers */ = {
			isa = PBXGroup;
			children = (
				2D414BA925BF55BE00E17748 /* StorageManager */,
			);
			path = Managers;
			sourceTree = "<group>";
		};
		2D414B9D25BF549D00E17748 /* Helpers */ = {
			isa = PBXGroup;
			children = (
				2D414BB825BF57B500E17748 /* Date */,
				2D414BAF25BF573A00E17748 /* Extensions */,
			);
			path = Helpers;
			sourceTree = "<group>";
		};
		2D414BA925BF55BE00E17748 /* StorageManager */ = {
			isa = PBXGroup;
			children = (
				2D414BA525BF557800E17748 /* StorageKeys.swift */,
				2D414BAA25BF55D300E17748 /* ProfileStorage.swift */,
			);
			path = StorageManager;
			sourceTree = "<group>";
		};
		2D414BAF25BF573A00E17748 /* Extensions */ = {
			isa = PBXGroup;
			children = (
				2D414BB425BF574300E17748 /* BaseExtension.swift */,
				2D414BB025BF574300E17748 /* ColorExtension.swift */,
				2D414BB625BF578800E17748 /* ExtensionForLoadingView.swift */,
				2D414BB125BF574300E17748 /* DateExtension.swift */,
				2D414BB325BF574300E17748 /* EncodableExtension.swift */,
				2D414BB525BF574300E17748 /* ImageExtension.swift */,
				2D414BB225BF574300E17748 /* TimeIntervalExtension.swift */,
				2D2FDA8525BF5F4200970DE3 /* UIViewControllerExtension.swift */,
			);
			path = Extensions;
			sourceTree = "<group>";
		};
		2D414BB825BF57B500E17748 /* Date */ = {
			isa = PBXGroup;
			children = (
				2D414BB925BF57BF00E17748 /* DateFormat.swift */,
			);
			path = Date;
			sourceTree = "<group>";
		};
		2D414BBB25BF58AB00E17748 /* Home */ = {
			isa = PBXGroup;
			children = (
				2D6B500A25BF4CBB00533573 /* HomeViewController.swift */,
				2D6B500C25BF4CBB00533573 /* HomeViewController.storyboard */,
			);
			path = Home;
			sourceTree = "<group>";
		};
		2D414BBC25BF58DF00E17748 /* Profile */ = {
			isa = PBXGroup;
			children = (
				2D2FDAA525BF687500970DE3 /* Navigation */,
				2D2FDA9625BF672D00970DE3 /* Data */,
				2D2FDAA425BF686700970DE3 /* Builder */,
				2D2FDAA625BF688F00970DE3 /* UI */,
				2D2FDAAC25BF690200970DE3 /* Logic */,
			);
			path = Profile;
			sourceTree = "<group>";
		};
		2D6B4FFA25BF4CBB00533573 = {
			isa = PBXGroup;
			children = (
				2D6B500525BF4CBB00533573 /* Pattern */,
				2D6B500425BF4CBB00533573 /* Products */,
				481094137CB61158A7404FA1 /* Pods */,
				CABBD7C1D6EE0CD7883D65E1 /* Frameworks */,
			);
			sourceTree = "<group>";
		};
		2D6B500425BF4CBB00533573 /* Products */ = {
			isa = PBXGroup;
			children = (
				2D6B500325BF4CBB00533573 /* Pattern.app */,
			);
			name = Products;
			sourceTree = "<group>";
		};
		2D6B500525BF4CBB00533573 /* Pattern */ = {
			isa = PBXGroup;
			children = (
				2D414B7B25BF4DFE00E17748 /* AppDelegate */,
				2D414B8825BF507A00E17748 /* Service */,
				2D414B9A25BF547200E17748 /* Entities */,
				2D414B7F25BF4E5500E17748 /* Screens */,
				2D414B9B25BF548B00E17748 /* Views */,
				2D414B9C25BF549400E17748 /* Managers */,
				2D414B9D25BF549D00E17748 /* Helpers */,
				2D414B7D25BF4E1D00E17748 /* Support */,
				2D414B7E25BF4E3B00E17748 /* Resources */,
			);
			path = Pattern;
			sourceTree = "<group>";
		};
		481094137CB61158A7404FA1 /* Pods */ = {
			isa = PBXGroup;
			children = (
				5F33451D6DFE762516A0EA32 /* Pods-Pattern.debug.xcconfig */,
				0DBDA02ECA924092E68BA30A /* Pods-Pattern.release.xcconfig */,
			);
			path = Pods;
			sourceTree = "<group>";
		};
		CABBD7C1D6EE0CD7883D65E1 /* Frameworks */ = {
			isa = PBXGroup;
			children = (
				3129F855523CB11311995213 /* Pods_Pattern.framework */,
			);
			name = Frameworks;
			sourceTree = "<group>";
		};
/* End PBXGroup section */

/* Begin PBXNativeTarget section */
		2D6B500225BF4CBB00533573 /* Pattern */ = {
			isa = PBXNativeTarget;
			buildConfigurationList = 2D6B501725BF4CBD00533573 /* Build configuration list for PBXNativeTarget "Pattern" */;
			buildPhases = (
				A560B1396DF3B30250C210EB /* [CP] Check Pods Manifest.lock */,
				2D6B4FFF25BF4CBB00533573 /* Sources */,
				2D6B500025BF4CBB00533573 /* Frameworks */,
				2D6B500125BF4CBB00533573 /* Resources */,
				FC8B6A74031F0F4935810ABC /* [CP] Embed Pods Frameworks */,
			);
			buildRules = (
			);
			dependencies = (
			);
			name = Pattern;
			productName = Pattern;
			productReference = 2D6B500325BF4CBB00533573 /* Pattern.app */;
			productType = "com.apple.product-type.application";
		};
/* End PBXNativeTarget section */

/* Begin PBXProject section */
		2D6B4FFB25BF4CBB00533573 /* Project object */ = {
			isa = PBXProject;
			attributes = {
				LastSwiftUpdateCheck = 1220;
				LastUpgradeCheck = 1220;
				TargetAttributes = {
					2D6B500225BF4CBB00533573 = {
						CreatedOnToolsVersion = 12.2;
					};
				};
			};
			buildConfigurationList = 2D6B4FFE25BF4CBB00533573 /* Build configuration list for PBXProject "Pattern" */;
			compatibilityVersion = "Xcode 9.3";
			developmentRegion = en;
			hasScannedForEncodings = 0;
			knownRegions = (
				en,
				Base,
			);
			mainGroup = 2D6B4FFA25BF4CBB00533573;
			productRefGroup = 2D6B500425BF4CBB00533573 /* Products */;
			projectDirPath = "";
			projectRoot = "";
			targets = (
				2D6B500225BF4CBB00533573 /* Pattern */,
			);
		};
/* End PBXProject section */

/* Begin PBXResourcesBuildPhase section */
		2D6B500125BF4CBB00533573 /* Resources */ = {
			isa = PBXResourcesBuildPhase;
			buildActionMask = 2147483647;
			files = (
				2D6B501325BF4CBD00533573 /* LaunchScreen.storyboard in Resources */,
				2D6B501025BF4CBD00533573 /* Assets.xcassets in Resources */,
				2D2FDA7925BF5B0600970DE3 /* ProfileViewController.storyboard in Resources */,
				2D6B500E25BF4CBB00533573 /* HomeViewController.storyboard in Resources */,
				2D9CA6A825BF78D2005097AF /* Comments in Resources */,
			);
			runOnlyForDeploymentPostprocessing = 0;
		};
/* End PBXResourcesBuildPhase section */

/* Begin PBXShellScriptBuildPhase section */
		A560B1396DF3B30250C210EB /* [CP] Check Pods Manifest.lock */ = {
			isa = PBXShellScriptBuildPhase;
			buildActionMask = 2147483647;
			files = (
			);
			inputFileListPaths = (
			);
			inputPaths = (
				"${PODS_PODFILE_DIR_PATH}/Podfile.lock",
				"${PODS_ROOT}/Manifest.lock",
			);
			name = "[CP] Check Pods Manifest.lock";
			outputFileListPaths = (
			);
			outputPaths = (
				"$(DERIVED_FILE_DIR)/Pods-Pattern-checkManifestLockResult.txt",
			);
			runOnlyForDeploymentPostprocessing = 0;
			shellPath = /bin/sh;
			shellScript = "diff \"${PODS_PODFILE_DIR_PATH}/Podfile.lock\" \"${PODS_ROOT}/Manifest.lock\" > /dev/null\nif [ $? != 0 ] ; then\n    # print error to STDERR\n    echo \"error: The sandbox is not in sync with the Podfile.lock. Run 'pod install' or update your CocoaPods installation.\" >&2\n    exit 1\nfi\n# This output is used by Xcode 'outputs' to avoid re-running this script phase.\necho \"SUCCESS\" > \"${SCRIPT_OUTPUT_FILE_0}\"\n";
			showEnvVarsInLog = 0;
		};
		FC8B6A74031F0F4935810ABC /* [CP] Embed Pods Frameworks */ = {
			isa = PBXShellScriptBuildPhase;
			buildActionMask = 2147483647;
			files = (
			);
			inputFileListPaths = (
				"${PODS_ROOT}/Target Support Files/Pods-Pattern/Pods-Pattern-frameworks-${CONFIGURATION}-input-files.xcfilelist",
			);
			name = "[CP] Embed Pods Frameworks";
			outputFileListPaths = (
				"${PODS_ROOT}/Target Support Files/Pods-Pattern/Pods-Pattern-frameworks-${CONFIGURATION}-output-files.xcfilelist",
			);
			runOnlyForDeploymentPostprocessing = 0;
			shellPath = /bin/sh;
			shellScript = "\"${PODS_ROOT}/Target Support Files/Pods-Pattern/Pods-Pattern-frameworks.sh\"\n";
			showEnvVarsInLog = 0;
		};
/* End PBXShellScriptBuildPhase section */

/* Begin PBXSourcesBuildPhase section */
		2D6B4FFF25BF4CBB00533573 /* Sources */ = {
			isa = PBXSourcesBuildPhase;
			buildActionMask = 2147483647;
			files = (
				2D2FDA7F25BF5CE400970DE3 /* ProfilePresenter.swift in Sources */,
				2D2FDAB325BF6A3800970DE3 /* HttpService.swift in Sources */,
				2D2FDAC625BF6A5700970DE3 /* UIViewControllerExtension.swift in Sources */,
				2D2FDAAF25BF6A0E00970DE3 /* ProfileRequests.swift in Sources */,
				2D2FDAC425BF6A5700970DE3 /* ImageExtension.swift in Sources */,
				2D2FDAA225BF681000970DE3 /* ProfileLocalEntity.swift in Sources */,
				2D2FDAB225BF6A3800970DE3 /* ApiSettings.swift in Sources */,
				2D2FDAB725BF6A4400970DE3 /* LocationRequests.swift in Sources */,
				2D6B500B25BF4CBB00533573 /* HomeViewController.swift in Sources */,
				2D414BA325BF554C00E17748 /* ViewsThatAreNotOneScreenOnly.swift.swift in Sources */,
				2D2FDAC725BF6A5700970DE3 /* BaseExtension.swift in Sources */,
				2D2FDAC125BF6A5700970DE3 /* EncodableExtension.swift in Sources */,
				2D2FDA8F25BF62FF00970DE3 /* ProfileRepository.swift in Sources */,
				2D2FDAC525BF6A5700970DE3 /* TimeIntervalExtension.swift in Sources */,
				2D414B9F25BF553200E17748 /* FilesForEntitiesThatAreNotOneScreenOnly.swift in Sources */,
				2D414BAB25BF55D300E17748 /* ProfileStorage.swift in Sources */,
				2D414BA625BF557800E17748 /* StorageKeys.swift in Sources */,
				2D2FDA9225BF631F00970DE3 /* ProfileRouter.swift in Sources */,
				2D2FDA8225BF5D4100970DE3 /* ProfileVCProtocol.swift in Sources */,
				2D2FDA9E25BF67D700970DE3 /* ProfileNetworkEntity.swift in Sources */,
				2D2FDACA25BF6A5A00970DE3 /* DateFormat.swift in Sources */,
				2D6B500725BF4CBB00533573 /* AppDelegate.swift in Sources */,
				2D2FDAC825BF6A5700970DE3 /* ExtensionForLoadingView.swift in Sources */,
				2D2FDAB125BF6A3800970DE3 /* ApiStructs.swift in Sources */,
				2D2FDAB525BF6A3800970DE3 /* RestClient.swift in Sources */,
				2D2FDA7625BF5AFB00970DE3 /* ProfileViewController.swift in Sources */,
				2D2FDAAA25BF68C700970DE3 /* ViewsForCurrentScreen.swift in Sources */,
				2D2FDAC325BF6A5700970DE3 /* DateExtension.swift in Sources */,
				2D2FDA8925BF609A00970DE3 /* ProfileVCSettings.swift in Sources */,
				2D2FDA7C25BF5B8600970DE3 /* ProfileVCBuilder.swift in Sources */,
				2D6B500925BF4CBB00533573 /* SceneDelegate.swift in Sources */,
				2D2FDAC225BF6A5700970DE3 /* ColorExtension.swift in Sources */,
			);
			runOnlyForDeploymentPostprocessing = 0;
		};
/* End PBXSourcesBuildPhase section */

/* Begin PBXVariantGroup section */
		2D6B500C25BF4CBB00533573 /* HomeViewController.storyboard */ = {
			isa = PBXVariantGroup;
			children = (
				2D6B500D25BF4CBB00533573 /* Base */,
			);
			name = HomeViewController.storyboard;
			sourceTree = "<group>";
		};
		2D6B501125BF4CBD00533573 /* LaunchScreen.storyboard */ = {
			isa = PBXVariantGroup;
			children = (
				2D6B501225BF4CBD00533573 /* Base */,
			);
			name = LaunchScreen.storyboard;
			sourceTree = "<group>";
		};
/* End PBXVariantGroup section */

/* Begin XCBuildConfiguration section */
		2D6B501525BF4CBD00533573 /* Debug */ = {
			isa = XCBuildConfiguration;
			buildSettings = {
				ALWAYS_SEARCH_USER_PATHS = NO;
				CLANG_ANALYZER_NONNULL = YES;
				CLANG_ANALYZER_NUMBER_OBJECT_CONVERSION = YES_AGGRESSIVE;
				CLANG_CXX_LANGUAGE_STANDARD = "gnu++14";
				CLANG_CXX_LIBRARY = "libc++";
				CLANG_ENABLE_MODULES = YES;
				CLANG_ENABLE_OBJC_ARC = YES;
				CLANG_ENABLE_OBJC_WEAK = YES;
				CLANG_WARN_BLOCK_CAPTURE_AUTORELEASING = YES;
				CLANG_WARN_BOOL_CONVERSION = YES;
				CLANG_WARN_COMMA = YES;
				CLANG_WARN_CONSTANT_CONVERSION = YES;
				CLANG_WARN_DEPRECATED_OBJC_IMPLEMENTATIONS = YES;
				CLANG_WARN_DIRECT_OBJC_ISA_USAGE = YES_ERROR;
				CLANG_WARN_DOCUMENTATION_COMMENTS = YES;
				CLANG_WARN_EMPTY_BODY = YES;
				CLANG_WARN_ENUM_CONVERSION = YES;
				CLANG_WARN_INFINITE_RECURSION = YES;
				CLANG_WARN_INT_CONVERSION = YES;
				CLANG_WARN_NON_LITERAL_NULL_CONVERSION = YES;
				CLANG_WARN_OBJC_IMPLICIT_RETAIN_SELF = YES;
				CLANG_WARN_OBJC_LITERAL_CONVERSION = YES;
				CLANG_WARN_OBJC_ROOT_CLASS = YES_ERROR;
				CLANG_WARN_QUOTED_INCLUDE_IN_FRAMEWORK_HEADER = YES;
				CLANG_WARN_RANGE_LOOP_ANALYSIS = YES;
				CLANG_WARN_STRICT_PROTOTYPES = YES;
				CLANG_WARN_SUSPICIOUS_MOVE = YES;
				CLANG_WARN_UNGUARDED_AVAILABILITY = YES_AGGRESSIVE;
				CLANG_WARN_UNREACHABLE_CODE = YES;
				CLANG_WARN__DUPLICATE_METHOD_MATCH = YES;
				COPY_PHASE_STRIP = NO;
				DEBUG_INFORMATION_FORMAT = dwarf;
				ENABLE_STRICT_OBJC_MSGSEND = YES;
				ENABLE_TESTABILITY = YES;
				GCC_C_LANGUAGE_STANDARD = gnu11;
				GCC_DYNAMIC_NO_PIC = NO;
				GCC_NO_COMMON_BLOCKS = YES;
				GCC_OPTIMIZATION_LEVEL = 0;
				GCC_PREPROCESSOR_DEFINITIONS = (
					"DEBUG=1",
					"$(inherited)",
				);
				GCC_WARN_64_TO_32_BIT_CONVERSION = YES;
				GCC_WARN_ABOUT_RETURN_TYPE = YES_ERROR;
				GCC_WARN_UNDECLARED_SELECTOR = YES;
				GCC_WARN_UNINITIALIZED_AUTOS = YES_AGGRESSIVE;
				GCC_WARN_UNUSED_FUNCTION = YES;
				GCC_WARN_UNUSED_VARIABLE = YES;
				IPHONEOS_DEPLOYMENT_TARGET = 14.2;
				MTL_ENABLE_DEBUG_INFO = INCLUDE_SOURCE;
				MTL_FAST_MATH = YES;
				ONLY_ACTIVE_ARCH = YES;
				SDKROOT = iphoneos;
				SWIFT_ACTIVE_COMPILATION_CONDITIONS = DEBUG;
				SWIFT_OPTIMIZATION_LEVEL = "-Onone";
			};
			name = Debug;
		};
		2D6B501625BF4CBD00533573 /* Release */ = {
			isa = XCBuildConfiguration;
			buildSettings = {
				ALWAYS_SEARCH_USER_PATHS = NO;
				CLANG_ANALYZER_NONNULL = YES;
				CLANG_ANALYZER_NUMBER_OBJECT_CONVERSION = YES_AGGRESSIVE;
				CLANG_CXX_LANGUAGE_STANDARD = "gnu++14";
				CLANG_CXX_LIBRARY = "libc++";
				CLANG_ENABLE_MODULES = YES;
				CLANG_ENABLE_OBJC_ARC = YES;
				CLANG_ENABLE_OBJC_WEAK = YES;
				CLANG_WARN_BLOCK_CAPTURE_AUTORELEASING = YES;
				CLANG_WARN_BOOL_CONVERSION = YES;
				CLANG_WARN_COMMA = YES;
				CLANG_WARN_CONSTANT_CONVERSION = YES;
				CLANG_WARN_DEPRECATED_OBJC_IMPLEMENTATIONS = YES;
				CLANG_WARN_DIRECT_OBJC_ISA_USAGE = YES_ERROR;
				CLANG_WARN_DOCUMENTATION_COMMENTS = YES;
				CLANG_WARN_EMPTY_BODY = YES;
				CLANG_WARN_ENUM_CONVERSION = YES;
				CLANG_WARN_INFINITE_RECURSION = YES;
				CLANG_WARN_INT_CONVERSION = YES;
				CLANG_WARN_NON_LITERAL_NULL_CONVERSION = YES;
				CLANG_WARN_OBJC_IMPLICIT_RETAIN_SELF = YES;
				CLANG_WARN_OBJC_LITERAL_CONVERSION = YES;
				CLANG_WARN_OBJC_ROOT_CLASS = YES_ERROR;
				CLANG_WARN_QUOTED_INCLUDE_IN_FRAMEWORK_HEADER = YES;
				CLANG_WARN_RANGE_LOOP_ANALYSIS = YES;
				CLANG_WARN_STRICT_PROTOTYPES = YES;
				CLANG_WARN_SUSPICIOUS_MOVE = YES;
				CLANG_WARN_UNGUARDED_AVAILABILITY = YES_AGGRESSIVE;
				CLANG_WARN_UNREACHABLE_CODE = YES;
				CLANG_WARN__DUPLICATE_METHOD_MATCH = YES;
				COPY_PHASE_STRIP = NO;
				DEBUG_INFORMATION_FORMAT = "dwarf-with-dsym";
				ENABLE_NS_ASSERTIONS = NO;
				ENABLE_STRICT_OBJC_MSGSEND = YES;
				GCC_C_LANGUAGE_STANDARD = gnu11;
				GCC_NO_COMMON_BLOCKS = YES;
				GCC_WARN_64_TO_32_BIT_CONVERSION = YES;
				GCC_WARN_ABOUT_RETURN_TYPE = YES_ERROR;
				GCC_WARN_UNDECLARED_SELECTOR = YES;
				GCC_WARN_UNINITIALIZED_AUTOS = YES_AGGRESSIVE;
				GCC_WARN_UNUSED_FUNCTION = YES;
				GCC_WARN_UNUSED_VARIABLE = YES;
				IPHONEOS_DEPLOYMENT_TARGET = 14.2;
				MTL_ENABLE_DEBUG_INFO = NO;
				MTL_FAST_MATH = YES;
				SDKROOT = iphoneos;
				SWIFT_COMPILATION_MODE = wholemodule;
				SWIFT_OPTIMIZATION_LEVEL = "-O";
				VALIDATE_PRODUCT = YES;
			};
			name = Release;
		};
		2D6B501825BF4CBD00533573 /* Debug */ = {
			isa = XCBuildConfiguration;
			baseConfigurationReference = 5F33451D6DFE762516A0EA32 /* Pods-Pattern.debug.xcconfig */;
			buildSettings = {
				ASSETCATALOG_COMPILER_APPICON_NAME = AppIcon;
				ASSETCATALOG_COMPILER_GLOBAL_ACCENT_COLOR_NAME = AccentColor;
				CODE_SIGN_STYLE = Automatic;
				CURRENT_PROJECT_VERSION = 1;
				DEVELOPMENT_TEAM = F6KFD8283R;
				INFOPLIST_FILE = Pattern/Support/Info.plist;
				IPHONEOS_DEPLOYMENT_TARGET = 13.0;
				LD_RUNPATH_SEARCH_PATHS = (
					"$(inherited)",
					"@executable_path/Frameworks",
				);
				MARKETING_VERSION = 1.0.0;
				PRODUCT_BUNDLE_IDENTIFIER = tuichev.Pattern;
				PRODUCT_NAME = "$(TARGET_NAME)";
				SWIFT_VERSION = 5.0;
				TARGETED_DEVICE_FAMILY = 1;
			};
			name = Debug;
		};
		2D6B501925BF4CBD00533573 /* Release */ = {
			isa = XCBuildConfiguration;
			baseConfigurationReference = 0DBDA02ECA924092E68BA30A /* Pods-Pattern.release.xcconfig */;
			buildSettings = {
				ASSETCATALOG_COMPILER_APPICON_NAME = AppIcon;
				ASSETCATALOG_COMPILER_GLOBAL_ACCENT_COLOR_NAME = AccentColor;
				CODE_SIGN_STYLE = Automatic;
				CURRENT_PROJECT_VERSION = 1;
				DEVELOPMENT_TEAM = F6KFD8283R;
				INFOPLIST_FILE = Pattern/Support/Info.plist;
				IPHONEOS_DEPLOYMENT_TARGET = 13.0;
				LD_RUNPATH_SEARCH_PATHS = (
					"$(inherited)",
					"@executable_path/Frameworks",
				);
				MARKETING_VERSION = 1.0.0;
				PRODUCT_BUNDLE_IDENTIFIER = tuichev.Pattern;
				PRODUCT_NAME = "$(TARGET_NAME)";
				SWIFT_VERSION = 5.0;
				TARGETED_DEVICE_FAMILY = 1;
			};
			name = Release;
		};
/* End XCBuildConfiguration section */

/* Begin XCConfigurationList section */
		2D6B4FFE25BF4CBB00533573 /* Build configuration list for PBXProject "Pattern" */ = {
			isa = XCConfigurationList;
			buildConfigurations = (
				2D6B501525BF4CBD00533573 /* Debug */,
				2D6B501625BF4CBD00533573 /* Release */,
			);
			defaultConfigurationIsVisible = 0;
			defaultConfigurationName = Release;
		};
		2D6B501725BF4CBD00533573 /* Build configuration list for PBXNativeTarget "Pattern" */ = {
			isa = XCConfigurationList;
			buildConfigurations = (
				2D6B501825BF4CBD00533573 /* Debug */,
				2D6B501925BF4CBD00533573 /* Release */,
			);
			defaultConfigurationIsVisible = 0;
			defaultConfigurationName = Release;
		};
/* End XCConfigurationList section */
	};
	rootObject = 2D6B4FFB25BF4CBB00533573 /* Project object */;
}
